
Microsoft Visual Studio Solution File, Format Version 12.00
# Visual Studio Version 16
VisualStudioVersion = 16.0.30204.135
MinimumVisualStudioVersion = 10.0.40219.1
Project("{FAE04EC0-301F-11D3-BF4B-00C04F79EFBC}") = "ServerlessBlog", "..\ServerlessBlog\ServerlessBlog.csproj", "{42421C7E-0E25-4D80-9A5C-2E81717F5F0B}"
EndProject
Project("{FAE04EC0-301F-11D3-BF4B-00C04F79EFBC}") = "ServerlessBlog.Application", "..\ServerlessBlog.Application\ServerlessBlog.Application.csproj", "{4659FB97-48A1-4A99-A433-31F86101E522}"
EndProject
Project("{FAE04EC0-301F-11D3-BF4B-00C04F79EFBC}") = "ServerlessBlog.Commands", "..\ServerlessBlog.Commands\ServerlessBlog.Commands.csproj", "{FDA05CB6-B0E3-4629-9FDE-818A312656BC}"
EndProject
Global
	GlobalSection(SolutionConfigurationPlatforms) = preSolution
		Debug|Any CPU = Debug|Any CPU
		Release|Any CPU = Release|Any CPU
	EndGlobalSection
	GlobalSection(ProjectConfigurationPlatforms) = postSolution
		{42421C7E-0E25-4D80-9A5C-2E81717F5F0B}.Debug|Any CPU.ActiveCfg = Debug|Any CPU
		{42421C7E-0E25-4D80-9A5C-2E81717F5F0B}.Debug|Any CPU.Build.0 = Debug|Any CPU
		{42421C7E-0E25-4D80-9A5C-2E81717F5F0B}.Release|Any CPU.ActiveCfg = Release|Any CPU
		{42421C7E-0E25-4D80-9A5C-2E81717F5F0B}.Release|Any CPU.Build.0 = Release|Any CPU
		{4659FB97-48A1-4A99-A433-31F86101E522}.Debug|Any CPU.ActiveCfg = Debug|Any CPU
		{4659FB97-48A1-4A99-A433-31F86101E522}.Debug|Any CPU.Build.0 = Debug|Any CPU
		{4659FB97-48A1-4A99-A433-31F86101E522}.Release|Any CPU.ActiveCfg = Release|Any CPU
		{4659FB97-48A1-4A99-A433-31F86101E522}.Release|Any CPU.Build.0 = Release|Any CPU
		{FDA05CB6-B0E3-4629-9FDE-818A312656BC}.Debug|Any CPU.ActiveCfg = Debug|Any CPU
		{FDA05CB6-B0E3-4629-9FDE-818A312656BC}.Debug|Any CPU.Build.0 = Debug|Any CPU
		{FDA05CB6-B0E3-4629-9FDE-818A312656BC}.Release|Any CPU.ActiveCfg = Release|Any CPU
		{FDA05CB6-B0E3-4629-9FDE-818A312656BC}.Release|Any CPU.Build.0 = Release|Any CPU
	EndGlobalSection
	GlobalSection(SolutionProperties) = preSolution
		HideSolutionNode = FALSE
	EndGlobalSection
	GlobalSection(ExtensibilityGlobals) = postSolution
		SolutionGuid = {75EB507F-B611-4AA6-9D71-F2F5755B038B}
	EndGlobalSection
EndGlobal
